// !$*UTF8*$!
{
	archiveVersion = 1;
	classes = {
	};
	objectVersion = 46;
	objects = {

/* Begin PBXBuildFile section */
		25461F06CC4D013D963C9641 /* Pods_CalendarChallenge.framework in Frameworks */ = {isa = PBXBuildFile; fileRef = 87B05FE1362E8013D5B8FA41 /* Pods_CalendarChallenge.framework */; };
		6C7F44D2BD64446D0163EB4E /* Pods_CalendarChallengeUITests.framework in Frameworks */ = {isa = PBXBuildFile; fileRef = 4F69D8711D90B432CED1AC46 /* Pods_CalendarChallengeUITests.framework */; };
		9FBD93471E78C303009DEDAD /* AppDelegate.swift in Sources */ = {isa = PBXBuildFile; fileRef = 9FBD93461E78C303009DEDAD /* AppDelegate.swift */; };
		9FBD93491E78C303009DEDAD /* CalendarController.swift in Sources */ = {isa = PBXBuildFile; fileRef = 9FBD93481E78C303009DEDAD /* CalendarController.swift */; };
		9FBD934E1E78C303009DEDAD /* Assets.xcassets in Resources */ = {isa = PBXBuildFile; fileRef = 9FBD934D1E78C303009DEDAD /* Assets.xcassets */; };
		9FBD93511E78C303009DEDAD /* LaunchScreen.storyboard in Resources */ = {isa = PBXBuildFile; fileRef = 9FBD934F1E78C303009DEDAD /* LaunchScreen.storyboard */; };
		9FBD935C1E78C303009DEDAD /* CalendarChallengeTests.swift in Sources */ = {isa = PBXBuildFile; fileRef = 9FBD935B1E78C303009DEDAD /* CalendarChallengeTests.swift */; };
		9FBD93671E78C303009DEDAD /* CalendarChallengeUITests.swift in Sources */ = {isa = PBXBuildFile; fileRef = 9FBD93661E78C303009DEDAD /* CalendarChallengeUITests.swift */; };
		9FBD93821E78D7C2009DEDAD /* RealmHelper.swift in Sources */ = {isa = PBXBuildFile; fileRef = 9FBD93811E78D7C2009DEDAD /* RealmHelper.swift */; };
		9FBD93841E78DA17009DEDAD /* ScheduleDao.swift in Sources */ = {isa = PBXBuildFile; fileRef = 9FBD93831E78DA17009DEDAD /* ScheduleDao.swift */; };
		9FBD93861E78DC71009DEDAD /* ScheduleModel.swift in Sources */ = {isa = PBXBuildFile; fileRef = 9FBD93851E78DC71009DEDAD /* ScheduleModel.swift */; };
		9FBD938B1E78E29A009DEDAD /* SheduleModelTest.swift in Sources */ = {isa = PBXBuildFile; fileRef = 9FBD938A1E78E29A009DEDAD /* SheduleModelTest.swift */; };
		9FBD938D1E78E752009DEDAD /* ScheduleDaoTest.swift in Sources */ = {isa = PBXBuildFile; fileRef = 9FBD938C1E78E752009DEDAD /* ScheduleDaoTest.swift */; };
		9FBD938F1E78FD81009DEDAD /* ScheduleValidator.swift in Sources */ = {isa = PBXBuildFile; fileRef = 9FBD938E1E78FD81009DEDAD /* ScheduleValidator.swift */; };
		9FBD93911E790951009DEDAD /* ScheduleValidatorTest.swift in Sources */ = {isa = PBXBuildFile; fileRef = 9FBD93901E790951009DEDAD /* ScheduleValidatorTest.swift */; };
		9FBD93931E791870009DEDAD /* DailyDisplayData.swift in Sources */ = {isa = PBXBuildFile; fileRef = 9FBD93921E791870009DEDAD /* DailyDisplayData.swift */; };
		9FBD93951E7925FC009DEDAD /* DailyDisplayDataTest.swift in Sources */ = {isa = PBXBuildFile; fileRef = 9FBD93941E7925FC009DEDAD /* DailyDisplayDataTest.swift */; };
		9FBD93991E79361C009DEDAD /* CalendarCellData.swift in Sources */ = {isa = PBXBuildFile; fileRef = 9FBD93981E79361C009DEDAD /* CalendarCellData.swift */; };
		9FBD939B1E7B283A009DEDAD /* CalendarCellDataTest.swift in Sources */ = {isa = PBXBuildFile; fileRef = 9FBD939A1E7B283A009DEDAD /* CalendarCellDataTest.swift */; };
		9FBD939D1E7B3469009DEDAD /* CalendarCollectionViewDataSource.swift in Sources */ = {isa = PBXBuildFile; fileRef = 9FBD939C1E7B3469009DEDAD /* CalendarCollectionViewDataSource.swift */; };
		9FBD93A21E7B3ABC009DEDAD /* Main.storyboard in Resources */ = {isa = PBXBuildFile; fileRef = 9FBD93A01E7B3ABC009DEDAD /* Main.storyboard */; };
		9FBD93A41E7B3D2B009DEDAD /* Calendar.storyboard in Resources */ = {isa = PBXBuildFile; fileRef = 9FBD93A31E7B3D2B009DEDAD /* Calendar.storyboard */; };
		9FBD93A61E7B62CE009DEDAD /* CalendarCollectionViewCell.swift in Sources */ = {isa = PBXBuildFile; fileRef = 9FBD93A51E7B62CE009DEDAD /* CalendarCollectionViewCell.swift */; };
		9FBD93AA1E7B8A7A009DEDAD /* DailyScheduleController.swift in Sources */ = {isa = PBXBuildFile; fileRef = 9FBD93A91E7B8A7A009DEDAD /* DailyScheduleController.swift */; };
		9FBD93AC1E7B8A9C009DEDAD /* DailySchedule.storyboard in Resources */ = {isa = PBXBuildFile; fileRef = 9FBD93AB1E7B8A9C009DEDAD /* DailySchedule.storyboard */; };
		BFAD9EF361EA08B4C324B89F /* Pods_CalendarChallengeTests.framework in Frameworks */ = {isa = PBXBuildFile; fileRef = 7F504AF99F6B1B23DED8E4D8 /* Pods_CalendarChallengeTests.framework */; };
/* End PBXBuildFile section */

/* Begin PBXContainerItemProxy section */
		9FBD93581E78C303009DEDAD /* PBXContainerItemProxy */ = {
			isa = PBXContainerItemProxy;
			containerPortal = 9FBD933B1E78C303009DEDAD /* Project object */;
			proxyType = 1;
			remoteGlobalIDString = 9FBD93421E78C303009DEDAD;
			remoteInfo = CalendarChallenge;
		};
		9FBD93631E78C303009DEDAD /* PBXContainerItemProxy */ = {
			isa = PBXContainerItemProxy;
			containerPortal = 9FBD933B1E78C303009DEDAD /* Project object */;
			proxyType = 1;
			remoteGlobalIDString = 9FBD93421E78C303009DEDAD;
			remoteInfo = CalendarChallenge;
		};
/* End PBXContainerItemProxy section */

/* Begin PBXFileReference section */
		4A26FB10D8474C5BA34CA30D /* Pods-CalendarChallengeTests.release.xcconfig */ = {isa = PBXFileReference; includeInIndex = 1; lastKnownFileType = text.xcconfig; name = "Pods-CalendarChallengeTests.release.xcconfig"; path = "Pods/Target Support Files/Pods-CalendarChallengeTests/Pods-CalendarChallengeTests.release.xcconfig"; sourceTree = "<group>"; };
		4F69D8711D90B432CED1AC46 /* Pods_CalendarChallengeUITests.framework */ = {isa = PBXFileReference; explicitFileType = wrapper.framework; includeInIndex = 0; path = Pods_CalendarChallengeUITests.framework; sourceTree = BUILT_PRODUCTS_DIR; };
		69EB013FAE3827A160A1CF72 /* Pods-CalendarChallenge.release.xcconfig */ = {isa = PBXFileReference; includeInIndex = 1; lastKnownFileType = text.xcconfig; name = "Pods-CalendarChallenge.release.xcconfig"; path = "Pods/Target Support Files/Pods-CalendarChallenge/Pods-CalendarChallenge.release.xcconfig"; sourceTree = "<group>"; };
		7C3B7FAF6F0FDE5D70F62C28 /* Pods-CalendarChallengeUITests.release.xcconfig */ = {isa = PBXFileReference; includeInIndex = 1; lastKnownFileType = text.xcconfig; name = "Pods-CalendarChallengeUITests.release.xcconfig"; path = "Pods/Target Support Files/Pods-CalendarChallengeUITests/Pods-CalendarChallengeUITests.release.xcconfig"; sourceTree = "<group>"; };
		7F504AF99F6B1B23DED8E4D8 /* Pods_CalendarChallengeTests.framework */ = {isa = PBXFileReference; explicitFileType = wrapper.framework; includeInIndex = 0; path = Pods_CalendarChallengeTests.framework; sourceTree = BUILT_PRODUCTS_DIR; };
		80DEBA2A89EDFC1C612B2DE7 /* Pods-CalendarChallengeTests.debug.xcconfig */ = {isa = PBXFileReference; includeInIndex = 1; lastKnownFileType = text.xcconfig; name = "Pods-CalendarChallengeTests.debug.xcconfig"; path = "Pods/Target Support Files/Pods-CalendarChallengeTests/Pods-CalendarChallengeTests.debug.xcconfig"; sourceTree = "<group>"; };
		87B05FE1362E8013D5B8FA41 /* Pods_CalendarChallenge.framework */ = {isa = PBXFileReference; explicitFileType = wrapper.framework; includeInIndex = 0; path = Pods_CalendarChallenge.framework; sourceTree = BUILT_PRODUCTS_DIR; };
		9FBD93431E78C303009DEDAD /* CalendarChallenge.app */ = {isa = PBXFileReference; explicitFileType = wrapper.application; includeInIndex = 0; path = CalendarChallenge.app; sourceTree = BUILT_PRODUCTS_DIR; };
		9FBD93461E78C303009DEDAD /* AppDelegate.swift */ = {isa = PBXFileReference; lastKnownFileType = sourcecode.swift; path = AppDelegate.swift; sourceTree = "<group>"; };
		9FBD93481E78C303009DEDAD /* CalendarController.swift */ = {isa = PBXFileReference; lastKnownFileType = sourcecode.swift; path = CalendarController.swift; sourceTree = "<group>"; };
		9FBD934D1E78C303009DEDAD /* Assets.xcassets */ = {isa = PBXFileReference; lastKnownFileType = folder.assetcatalog; path = Assets.xcassets; sourceTree = "<group>"; };
		9FBD93501E78C303009DEDAD /* Base */ = {isa = PBXFileReference; lastKnownFileType = file.storyboard; name = Base; path = Base.lproj/LaunchScreen.storyboard; sourceTree = "<group>"; };
		9FBD93521E78C303009DEDAD /* Info.plist */ = {isa = PBXFileReference; lastKnownFileType = text.plist.xml; path = Info.plist; sourceTree = "<group>"; };
		9FBD93571E78C303009DEDAD /* CalendarChallengeTests.xctest */ = {isa = PBXFileReference; explicitFileType = wrapper.cfbundle; includeInIndex = 0; path = CalendarChallengeTests.xctest; sourceTree = BUILT_PRODUCTS_DIR; };
		9FBD935B1E78C303009DEDAD /* CalendarChallengeTests.swift */ = {isa = PBXFileReference; lastKnownFileType = sourcecode.swift; path = CalendarChallengeTests.swift; sourceTree = "<group>"; };
		9FBD935D1E78C303009DEDAD /* Info.plist */ = {isa = PBXFileReference; lastKnownFileType = text.plist.xml; path = Info.plist; sourceTree = "<group>"; };
		9FBD93621E78C303009DEDAD /* CalendarChallengeUITests.xctest */ = {isa = PBXFileReference; explicitFileType = wrapper.cfbundle; includeInIndex = 0; path = CalendarChallengeUITests.xctest; sourceTree = BUILT_PRODUCTS_DIR; };
		9FBD93661E78C303009DEDAD /* CalendarChallengeUITests.swift */ = {isa = PBXFileReference; lastKnownFileType = sourcecode.swift; path = CalendarChallengeUITests.swift; sourceTree = "<group>"; };
		9FBD93681E78C303009DEDAD /* Info.plist */ = {isa = PBXFileReference; lastKnownFileType = text.plist.xml; path = Info.plist; sourceTree = "<group>"; };
		9FBD93811E78D7C2009DEDAD /* RealmHelper.swift */ = {isa = PBXFileReference; fileEncoding = 4; lastKnownFileType = sourcecode.swift; path = RealmHelper.swift; sourceTree = "<group>"; };
		9FBD93831E78DA17009DEDAD /* ScheduleDao.swift */ = {isa = PBXFileReference; fileEncoding = 4; lastKnownFileType = sourcecode.swift; path = ScheduleDao.swift; sourceTree = "<group>"; };
		9FBD93851E78DC71009DEDAD /* ScheduleModel.swift */ = {isa = PBXFileReference; fileEncoding = 4; lastKnownFileType = sourcecode.swift; path = ScheduleModel.swift; sourceTree = "<group>"; };
		9FBD938A1E78E29A009DEDAD /* SheduleModelTest.swift */ = {isa = PBXFileReference; fileEncoding = 4; lastKnownFileType = sourcecode.swift; path = SheduleModelTest.swift; sourceTree = "<group>"; };
		9FBD938C1E78E752009DEDAD /* ScheduleDaoTest.swift */ = {isa = PBXFileReference; fileEncoding = 4; lastKnownFileType = sourcecode.swift; path = ScheduleDaoTest.swift; sourceTree = "<group>"; };
		9FBD938E1E78FD81009DEDAD /* ScheduleValidator.swift */ = {isa = PBXFileReference; fileEncoding = 4; lastKnownFileType = sourcecode.swift; path = ScheduleValidator.swift; sourceTree = "<group>"; };
		9FBD93901E790951009DEDAD /* ScheduleValidatorTest.swift */ = {isa = PBXFileReference; fileEncoding = 4; lastKnownFileType = sourcecode.swift; path = ScheduleValidatorTest.swift; sourceTree = "<group>"; };
		9FBD93921E791870009DEDAD /* DailyDisplayData.swift */ = {isa = PBXFileReference; fileEncoding = 4; lastKnownFileType = sourcecode.swift; path = DailyDisplayData.swift; sourceTree = "<group>"; };
		9FBD93941E7925FC009DEDAD /* DailyDisplayDataTest.swift */ = {isa = PBXFileReference; fileEncoding = 4; lastKnownFileType = sourcecode.swift; path = DailyDisplayDataTest.swift; sourceTree = "<group>"; };
		9FBD93981E79361C009DEDAD /* CalendarCellData.swift */ = {isa = PBXFileReference; fileEncoding = 4; lastKnownFileType = sourcecode.swift; path = CalendarCellData.swift; sourceTree = "<group>"; };
		9FBD939A1E7B283A009DEDAD /* CalendarCellDataTest.swift */ = {isa = PBXFileReference; fileEncoding = 4; lastKnownFileType = sourcecode.swift; path = CalendarCellDataTest.swift; sourceTree = "<group>"; };
		9FBD939C1E7B3469009DEDAD /* CalendarCollectionViewDataSource.swift */ = {isa = PBXFileReference; fileEncoding = 4; lastKnownFileType = sourcecode.swift; path = CalendarCollectionViewDataSource.swift; sourceTree = "<group>"; };
		9FBD93A11E7B3ABC009DEDAD /* Base */ = {isa = PBXFileReference; lastKnownFileType = file.storyboard; name = Base; path = Base.lproj/Main.storyboard; sourceTree = "<group>"; };
		9FBD93A31E7B3D2B009DEDAD /* Calendar.storyboard */ = {isa = PBXFileReference; fileEncoding = 4; lastKnownFileType = file.storyboard; path = Calendar.storyboard; sourceTree = "<group>"; };
		9FBD93A51E7B62CE009DEDAD /* CalendarCollectionViewCell.swift */ = {isa = PBXFileReference; fileEncoding = 4; lastKnownFileType = sourcecode.swift; path = CalendarCollectionViewCell.swift; sourceTree = "<group>"; };
		9FBD93A91E7B8A7A009DEDAD /* DailyScheduleController.swift */ = {isa = PBXFileReference; fileEncoding = 4; lastKnownFileType = sourcecode.swift; path = DailyScheduleController.swift; sourceTree = "<group>"; };
		9FBD93AB1E7B8A9C009DEDAD /* DailySchedule.storyboard */ = {isa = PBXFileReference; fileEncoding = 4; lastKnownFileType = file.storyboard; path = DailySchedule.storyboard; sourceTree = "<group>"; };
		A9ED270D1C1766BB11A39535 /* Pods-CalendarChallenge.debug.xcconfig */ = {isa = PBXFileReference; includeInIndex = 1; lastKnownFileType = text.xcconfig; name = "Pods-CalendarChallenge.debug.xcconfig"; path = "Pods/Target Support Files/Pods-CalendarChallenge/Pods-CalendarChallenge.debug.xcconfig"; sourceTree = "<group>"; };
		E82FC3D0C09D23CA6ED1AFB4 /* Pods-CalendarChallengeUITests.debug.xcconfig */ = {isa = PBXFileReference; includeInIndex = 1; lastKnownFileType = text.xcconfig; name = "Pods-CalendarChallengeUITests.debug.xcconfig"; path = "Pods/Target Support Files/Pods-CalendarChallengeUITests/Pods-CalendarChallengeUITests.debug.xcconfig"; sourceTree = "<group>"; };
/* End PBXFileReference section */

/* Begin PBXFrameworksBuildPhase section */
		9FBD93401E78C303009DEDAD /* Frameworks */ = {
			isa = PBXFrameworksBuildPhase;
			buildActionMask = 2147483647;
			files = (
				25461F06CC4D013D963C9641 /* Pods_CalendarChallenge.framework in Frameworks */,
			);
			runOnlyForDeploymentPostprocessing = 0;
		};
		9FBD93541E78C303009DEDAD /* Frameworks */ = {
			isa = PBXFrameworksBuildPhase;
			buildActionMask = 2147483647;
			files = (
				BFAD9EF361EA08B4C324B89F /* Pods_CalendarChallengeTests.framework in Frameworks */,
			);
			runOnlyForDeploymentPostprocessing = 0;
		};
		9FBD935F1E78C303009DEDAD /* Frameworks */ = {
			isa = PBXFrameworksBuildPhase;
			buildActionMask = 2147483647;
			files = (
				6C7F44D2BD64446D0163EB4E /* Pods_CalendarChallengeUITests.framework in Frameworks */,
			);
			runOnlyForDeploymentPostprocessing = 0;
		};
/* End PBXFrameworksBuildPhase section */

/* Begin PBXGroup section */
		0A93B122AA8C3B2FCB175BDA /* Pods */ = {
			isa = PBXGroup;
			children = (
				A9ED270D1C1766BB11A39535 /* Pods-CalendarChallenge.debug.xcconfig */,
				69EB013FAE3827A160A1CF72 /* Pods-CalendarChallenge.release.xcconfig */,
				80DEBA2A89EDFC1C612B2DE7 /* Pods-CalendarChallengeTests.debug.xcconfig */,
				4A26FB10D8474C5BA34CA30D /* Pods-CalendarChallengeTests.release.xcconfig */,
				E82FC3D0C09D23CA6ED1AFB4 /* Pods-CalendarChallengeUITests.debug.xcconfig */,
				7C3B7FAF6F0FDE5D70F62C28 /* Pods-CalendarChallengeUITests.release.xcconfig */,
			);
			name = Pods;
			sourceTree = "<group>";
		};
		4CA6B189A6ABBA209870A189 /* Frameworks */ = {
			isa = PBXGroup;
			children = (
				87B05FE1362E8013D5B8FA41 /* Pods_CalendarChallenge.framework */,
				7F504AF99F6B1B23DED8E4D8 /* Pods_CalendarChallengeTests.framework */,
				4F69D8711D90B432CED1AC46 /* Pods_CalendarChallengeUITests.framework */,
			);
			name = Frameworks;
			sourceTree = "<group>";
		};
		9FBD933A1E78C303009DEDAD = {
			isa = PBXGroup;
			children = (
				9FBD93451E78C303009DEDAD /* CalendarChallenge */,
				9FBD935A1E78C303009DEDAD /* CalendarChallengeTests */,
				9FBD93651E78C303009DEDAD /* CalendarChallengeUITests */,
				4CA6B189A6ABBA209870A189 /* Frameworks */,
				0A93B122AA8C3B2FCB175BDA /* Pods */,
				9FBD93441E78C303009DEDAD /* Products */,
			);
			sourceTree = "<group>";
		};
		9FBD93441E78C303009DEDAD /* Products */ = {
			isa = PBXGroup;
			children = (
				9FBD93431E78C303009DEDAD /* CalendarChallenge.app */,
				9FBD93571E78C303009DEDAD /* CalendarChallengeTests.xctest */,
				9FBD93621E78C303009DEDAD /* CalendarChallengeUITests.xctest */,
			);
			name = Products;
			sourceTree = "<group>";
		};
		9FBD93451E78C303009DEDAD /* CalendarChallenge */ = {
			isa = PBXGroup;
			children = (
				9FBD93791E78C459009DEDAD /* Controller */,
				9FBD93801E78D7C2009DEDAD /* Helpers */,
				9FBD937A1E78C459009DEDAD /* Model */,
				9FBD937B1E78D48E009DEDAD /* Other */,
				9FBD93761E78C3AB009DEDAD /* View */,
				9FBD93521E78C303009DEDAD /* Info.plist */,
			);
			path = CalendarChallenge;
			sourceTree = "<group>";
		};
		9FBD935A1E78C303009DEDAD /* CalendarChallengeTests */ = {
			isa = PBXGroup;
			children = (
				9FBD93891E78E29A009DEDAD /* Model */,
				9FBD935B1E78C303009DEDAD /* CalendarChallengeTests.swift */,
				9FBD935D1E78C303009DEDAD /* Info.plist */,
			);
			path = CalendarChallengeTests;
			sourceTree = "<group>";
		};
		9FBD93651E78C303009DEDAD /* CalendarChallengeUITests */ = {
			isa = PBXGroup;
			children = (
				9FBD93661E78C303009DEDAD /* CalendarChallengeUITests.swift */,
				9FBD93681E78C303009DEDAD /* Info.plist */,
			);
			path = CalendarChallengeUITests;
			sourceTree = "<group>";
		};
		9FBD93761E78C3AB009DEDAD /* View */ = {
			isa = PBXGroup;
			children = (
				9FBD939C1E7B3469009DEDAD /* CalendarCollectionViewDataSource.swift */,
				9FBD93A51E7B62CE009DEDAD /* CalendarCollectionViewCell.swift */,
			);
			path = View;
			sourceTree = "<group>";
		};
		9FBD93791E78C459009DEDAD /* Controller */ = {
			isa = PBXGroup;
			children = (
				9FBD93A01E7B3ABC009DEDAD /* Main.storyboard */,
				9FBD93481E78C303009DEDAD /* CalendarController.swift */,
				9FBD93A31E7B3D2B009DEDAD /* Calendar.storyboard */,
				9FBD93A91E7B8A7A009DEDAD /* DailyScheduleController.swift */,
				9FBD93AB1E7B8A9C009DEDAD /* DailySchedule.storyboard */,
			);
			path = Controller;
			sourceTree = "<group>";
		};
		9FBD937A1E78C459009DEDAD /* Model */ = {
			isa = PBXGroup;
			children = (
				9FBD93831E78DA17009DEDAD /* ScheduleDao.swift */,
				9FBD93851E78DC71009DEDAD /* ScheduleModel.swift */,
				9FBD938E1E78FD81009DEDAD /* ScheduleValidator.swift */,
				9FBD93921E791870009DEDAD /* DailyDisplayData.swift */,
				9FBD93981E79361C009DEDAD /* CalendarCellData.swift */,
			);
			path = Model;
			sourceTree = "<group>";
		};
		9FBD937B1E78D48E009DEDAD /* Other */ = {
			isa = PBXGroup;
			children = (
				9FBD93461E78C303009DEDAD /* AppDelegate.swift */,
				9FBD934D1E78C303009DEDAD /* Assets.xcassets */,
				9FBD934F1E78C303009DEDAD /* LaunchScreen.storyboard */,
			);
			path = Other;
			sourceTree = "<group>";
		};
		9FBD93801E78D7C2009DEDAD /* Helpers */ = {
			isa = PBXGroup;
			children = (
				9FBD93811E78D7C2009DEDAD /* RealmHelper.swift */,
			);
			path = Helpers;
			sourceTree = "<group>";
		};
		9FBD93891E78E29A009DEDAD /* Model */ = {
			isa = PBXGroup;
			children = (
				9FBD938C1E78E752009DEDAD /* ScheduleDaoTest.swift */,
				9FBD938A1E78E29A009DEDAD /* SheduleModelTest.swift */,
				9FBD93901E790951009DEDAD /* ScheduleValidatorTest.swift */,
				9FBD93941E7925FC009DEDAD /* DailyDisplayDataTest.swift */,
				9FBD939A1E7B283A009DEDAD /* CalendarCellDataTest.swift */,
			);
			path = Model;
			sourceTree = "<group>";
		};
/* End PBXGroup section */

/* Begin PBXNativeTarget section */
		9FBD93421E78C303009DEDAD /* CalendarChallenge */ = {
			isa = PBXNativeTarget;
			buildConfigurationList = 9FBD936B1E78C303009DEDAD /* Build configuration list for PBXNativeTarget "CalendarChallenge" */;
			buildPhases = (
				A40D236EA76D52E0327C64ED /* [CP] Check Pods Manifest.lock */,
				9FBD933F1E78C303009DEDAD /* Sources */,
				9FBD93401E78C303009DEDAD /* Frameworks */,
				9FBD93411E78C303009DEDAD /* Resources */,
				3DE3C6AC866639AB39925DCE /* [CP] Embed Pods Frameworks */,
				8D14580A7B2924CA6007C4A7 /* [CP] Copy Pods Resources */,
			);
			buildRules = (
			);
			dependencies = (
			);
			name = CalendarChallenge;
			productName = CalendarChallenge;
			productReference = 9FBD93431E78C303009DEDAD /* CalendarChallenge.app */;
			productType = "com.apple.product-type.application";
		};
		9FBD93561E78C303009DEDAD /* CalendarChallengeTests */ = {
			isa = PBXNativeTarget;
			buildConfigurationList = 9FBD936E1E78C303009DEDAD /* Build configuration list for PBXNativeTarget "CalendarChallengeTests" */;
			buildPhases = (
				52E48E50F2F4D2300123BE9B /* [CP] Check Pods Manifest.lock */,
				9FBD93531E78C303009DEDAD /* Sources */,
				9FBD93541E78C303009DEDAD /* Frameworks */,
				9FBD93551E78C303009DEDAD /* Resources */,
				FF27B8482F3BF688990248B2 /* [CP] Embed Pods Frameworks */,
				4A2DF87400E88B8F3B17F9D7 /* [CP] Copy Pods Resources */,
			);
			buildRules = (
			);
			dependencies = (
				9FBD93591E78C303009DEDAD /* PBXTargetDependency */,
			);
			name = CalendarChallengeTests;
			productName = CalendarChallengeTests;
			productReference = 9FBD93571E78C303009DEDAD /* CalendarChallengeTests.xctest */;
			productType = "com.apple.product-type.bundle.unit-test";
		};
		9FBD93611E78C303009DEDAD /* CalendarChallengeUITests */ = {
			isa = PBXNativeTarget;
			buildConfigurationList = 9FBD93711E78C303009DEDAD /* Build configuration list for PBXNativeTarget "CalendarChallengeUITests" */;
			buildPhases = (
				D093F0527DC8A1EF64F9E2EB /* [CP] Check Pods Manifest.lock */,
				9FBD935E1E78C303009DEDAD /* Sources */,
				9FBD935F1E78C303009DEDAD /* Frameworks */,
				9FBD93601E78C303009DEDAD /* Resources */,
				07EC9FF5F689F0FF0CADF7A0 /* [CP] Embed Pods Frameworks */,
				909261AC728725A1E2B4366A /* [CP] Copy Pods Resources */,
			);
			buildRules = (
			);
			dependencies = (
				9FBD93641E78C303009DEDAD /* PBXTargetDependency */,
			);
			name = CalendarChallengeUITests;
			productName = CalendarChallengeUITests;
			productReference = 9FBD93621E78C303009DEDAD /* CalendarChallengeUITests.xctest */;
			productType = "com.apple.product-type.bundle.ui-testing";
		};
/* End PBXNativeTarget section */

/* Begin PBXProject section */
		9FBD933B1E78C303009DEDAD /* Project object */ = {
			isa = PBXProject;
			attributes = {
				LastSwiftUpdateCheck = 0820;
				LastUpgradeCheck = 0820;
				ORGANIZATIONNAME = k_moto;
				TargetAttributes = {
					9FBD93421E78C303009DEDAD = {
						CreatedOnToolsVersion = 8.2;
						ProvisioningStyle = Automatic;
					};
					9FBD93561E78C303009DEDAD = {
						CreatedOnToolsVersion = 8.2;
						ProvisioningStyle = Automatic;
						TestTargetID = 9FBD93421E78C303009DEDAD;
					};
					9FBD93611E78C303009DEDAD = {
						CreatedOnToolsVersion = 8.2;
						ProvisioningStyle = Automatic;
						TestTargetID = 9FBD93421E78C303009DEDAD;
					};
				};
			};
			buildConfigurationList = 9FBD933E1E78C303009DEDAD /* Build configuration list for PBXProject "CalendarChallenge" */;
			compatibilityVersion = "Xcode 3.2";
			developmentRegion = English;
			hasScannedForEncodings = 0;
			knownRegions = (
				en,
				Base,
			);
			mainGroup = 9FBD933A1E78C303009DEDAD;
			productRefGroup = 9FBD93441E78C303009DEDAD /* Products */;
			projectDirPath = "";
			projectRoot = "";
			targets = (
				9FBD93421E78C303009DEDAD /* CalendarChallenge */,
				9FBD93561E78C303009DEDAD /* CalendarChallengeTests */,
				9FBD93611E78C303009DEDAD /* CalendarChallengeUITests */,
			);
		};
/* End PBXProject section */

/* Begin PBXResourcesBuildPhase section */
		9FBD93411E78C303009DEDAD /* Resources */ = {
			isa = PBXResourcesBuildPhase;
			buildActionMask = 2147483647;
			files = (
				9FBD93A41E7B3D2B009DEDAD /* Calendar.storyboard in Resources */,
				9FBD93511E78C303009DEDAD /* LaunchScreen.storyboard in Resources */,
				9FBD934E1E78C303009DEDAD /* Assets.xcassets in Resources */,
				9FBD93AC1E7B8A9C009DEDAD /* DailySchedule.storyboard in Resources */,
				9FBD93A21E7B3ABC009DEDAD /* Main.storyboard in Resources */,
			);
			runOnlyForDeploymentPostprocessing = 0;
		};
		9FBD93551E78C303009DEDAD /* Resources */ = {
			isa = PBXResourcesBuildPhase;
			buildActionMask = 2147483647;
			files = (
			);
			runOnlyForDeploymentPostprocessing = 0;
		};
		9FBD93601E78C303009DEDAD /* Resources */ = {
			isa = PBXResourcesBuildPhase;
			buildActionMask = 2147483647;
			files = (
			);
			runOnlyForDeploymentPostprocessing = 0;
		};
/* End PBXResourcesBuildPhase section */

/* Begin PBXShellScriptBuildPhase section */
		07EC9FF5F689F0FF0CADF7A0 /* [CP] Embed Pods Frameworks */ = {
			isa = PBXShellScriptBuildPhase;
			buildActionMask = 2147483647;
			files = (
			);
			inputPaths = (
			);
			name = "[CP] Embed Pods Frameworks";
			outputPaths = (
			);
			runOnlyForDeploymentPostprocessing = 0;
			shellPath = /bin/sh;
			shellScript = "\"${SRCROOT}/Pods/Target Support Files/Pods-CalendarChallengeUITests/Pods-CalendarChallengeUITests-frameworks.sh\"\n";
			showEnvVarsInLog = 0;
		};
		3DE3C6AC866639AB39925DCE /* [CP] Embed Pods Frameworks */ = {
			isa = PBXShellScriptBuildPhase;
			buildActionMask = 2147483647;
			files = (
			);
			inputPaths = (
			);
			name = "[CP] Embed Pods Frameworks";
			outputPaths = (
			);
			runOnlyForDeploymentPostprocessing = 0;
			shellPath = /bin/sh;
			shellScript = "\"${SRCROOT}/Pods/Target Support Files/Pods-CalendarChallenge/Pods-CalendarChallenge-frameworks.sh\"\n";
			showEnvVarsInLog = 0;
		};
		4A2DF87400E88B8F3B17F9D7 /* [CP] Copy Pods Resources */ = {
			isa = PBXShellScriptBuildPhase;
			buildActionMask = 2147483647;
			files = (
			);
			inputPaths = (
			);
			name = "[CP] Copy Pods Resources";
			outputPaths = (
			);
			runOnlyForDeploymentPostprocessing = 0;
			shellPath = /bin/sh;
			shellScript = "\"${SRCROOT}/Pods/Target Support Files/Pods-CalendarChallengeTests/Pods-CalendarChallengeTests-resources.sh\"\n";
			showEnvVarsInLog = 0;
		};
		52E48E50F2F4D2300123BE9B /* [CP] Check Pods Manifest.lock */ = {
			isa = PBXShellScriptBuildPhase;
			buildActionMask = 2147483647;
			files = (
			);
			inputPaths = (
			);
			name = "[CP] Check Pods Manifest.lock";
			outputPaths = (
			);
			runOnlyForDeploymentPostprocessing = 0;
			shellPath = /bin/sh;
			shellScript = "diff \"${PODS_ROOT}/../Podfile.lock\" \"${PODS_ROOT}/Manifest.lock\" > /dev/null\nif [ $? != 0 ] ; then\n    # print error to STDERR\n    echo \"error: The sandbox is not in sync with the Podfile.lock. Run 'pod install' or update your CocoaPods installation.\" >&2\n    exit 1\nfi\n";
			showEnvVarsInLog = 0;
		};
		8D14580A7B2924CA6007C4A7 /* [CP] Copy Pods Resources */ = {
			isa = PBXShellScriptBuildPhase;
			buildActionMask = 2147483647;
			files = (
			);
			inputPaths = (
			);
			name = "[CP] Copy Pods Resources";
			outputPaths = (
			);
			runOnlyForDeploymentPostprocessing = 0;
			shellPath = /bin/sh;
			shellScript = "\"${SRCROOT}/Pods/Target Support Files/Pods-CalendarChallenge/Pods-CalendarChallenge-resources.sh\"\n";
			showEnvVarsInLog = 0;
		};
		909261AC728725A1E2B4366A /* [CP] Copy Pods Resources */ = {
			isa = PBXShellScriptBuildPhase;
			buildActionMask = 2147483647;
			files = (
			);
			inputPaths = (
			);
			name = "[CP] Copy Pods Resources";
			outputPaths = (
			);
			runOnlyForDeploymentPostprocessing = 0;
			shellPath = /bin/sh;
			shellScript = "\"${SRCROOT}/Pods/Target Support Files/Pods-CalendarChallengeUITests/Pods-CalendarChallengeUITests-resources.sh\"\n";
			showEnvVarsInLog = 0;
		};
		A40D236EA76D52E0327C64ED /* [CP] Check Pods Manifest.lock */ = {
			isa = PBXShellScriptBuildPhase;
			buildActionMask = 2147483647;
			files = (
			);
			inputPaths = (
			);
			name = "[CP] Check Pods Manifest.lock";
			outputPaths = (
			);
			runOnlyForDeploymentPostprocessing = 0;
			shellPath = /bin/sh;
			shellScript = "diff \"${PODS_ROOT}/../Podfile.lock\" \"${PODS_ROOT}/Manifest.lock\" > /dev/null\nif [ $? != 0 ] ; then\n    # print error to STDERR\n    echo \"error: The sandbox is not in sync with the Podfile.lock. Run 'pod install' or update your CocoaPods installation.\" >&2\n    exit 1\nfi\n";
			showEnvVarsInLog = 0;
		};
		D093F0527DC8A1EF64F9E2EB /* [CP] Check Pods Manifest.lock */ = {
			isa = PBXShellScriptBuildPhase;
			buildActionMask = 2147483647;
			files = (
			);
			inputPaths = (
			);
			name = "[CP] Check Pods Manifest.lock";
			outputPaths = (
			);
			runOnlyForDeploymentPostprocessing = 0;
			shellPath = /bin/sh;
			shellScript = "diff \"${PODS_ROOT}/../Podfile.lock\" \"${PODS_ROOT}/Manifest.lock\" > /dev/null\nif [ $? != 0 ] ; then\n    # print error to STDERR\n    echo \"error: The sandbox is not in sync with the Podfile.lock. Run 'pod install' or update your CocoaPods installation.\" >&2\n    exit 1\nfi\n";
			showEnvVarsInLog = 0;
		};
		FF27B8482F3BF688990248B2 /* [CP] Embed Pods Frameworks */ = {
			isa = PBXShellScriptBuildPhase;
			buildActionMask = 2147483647;
			files = (
			);
			inputPaths = (
			);
			name = "[CP] Embed Pods Frameworks";
			outputPaths = (
			);
			runOnlyForDeploymentPostprocessing = 0;
			shellPath = /bin/sh;
			shellScript = "\"${SRCROOT}/Pods/Target Support Files/Pods-CalendarChallengeTests/Pods-CalendarChallengeTests-frameworks.sh\"\n";
			showEnvVarsInLog = 0;
		};
/* End PBXShellScriptBuildPhase section */

/* Begin PBXSourcesBuildPhase section */
		9FBD933F1E78C303009DEDAD /* Sources */ = {
			isa = PBXSourcesBuildPhase;
			buildActionMask = 2147483647;
			files = (
				9FBD93491E78C303009DEDAD /* CalendarController.swift in Sources */,
				9FBD938F1E78FD81009DEDAD /* ScheduleValidator.swift in Sources */,
				9FBD93AA1E7B8A7A009DEDAD /* DailyScheduleController.swift in Sources */,
				9FBD93841E78DA17009DEDAD /* ScheduleDao.swift in Sources */,
				9FBD93861E78DC71009DEDAD /* ScheduleModel.swift in Sources */,
				9FBD93A61E7B62CE009DEDAD /* CalendarCollectionViewCell.swift in Sources */,
				9FBD939D1E7B3469009DEDAD /* CalendarCollectionViewDataSource.swift in Sources */,
				9FBD93821E78D7C2009DEDAD /* RealmHelper.swift in Sources */,
				9FBD93991E79361C009DEDAD /* CalendarCellData.swift in Sources */,
				9FBD93931E791870009DEDAD /* DailyDisplayData.swift in Sources */,
				9FBD93471E78C303009DEDAD /* AppDelegate.swift in Sources */,
			);
			runOnlyForDeploymentPostprocessing = 0;
		};
		9FBD93531E78C303009DEDAD /* Sources */ = {
			isa = PBXSourcesBuildPhase;
			buildActionMask = 2147483647;
			files = (
				9FBD935C1E78C303009DEDAD /* CalendarChallengeTests.swift in Sources */,
				9FBD93911E790951009DEDAD /* ScheduleValidatorTest.swift in Sources */,
				9FBD93951E7925FC009DEDAD /* DailyDisplayDataTest.swift in Sources */,
				9FBD938D1E78E752009DEDAD /* ScheduleDaoTest.swift in Sources */,
				9FBD938B1E78E29A009DEDAD /* SheduleModelTest.swift in Sources */,
				9FBD939B1E7B283A009DEDAD /* CalendarCellDataTest.swift in Sources */,
			);
			runOnlyForDeploymentPostprocessing = 0;
		};
		9FBD935E1E78C303009DEDAD /* Sources */ = {
			isa = PBXSourcesBuildPhase;
			buildActionMask = 2147483647;
			files = (
				9FBD93671E78C303009DEDAD /* CalendarChallengeUITests.swift in Sources */,
			);
			runOnlyForDeploymentPostprocessing = 0;
		};
/* End PBXSourcesBuildPhase section */

/* Begin PBXTargetDependency section */
		9FBD93591E78C303009DEDAD /* PBXTargetDependency */ = {
			isa = PBXTargetDependency;
			target = 9FBD93421E78C303009DEDAD /* CalendarChallenge */;
			targetProxy = 9FBD93581E78C303009DEDAD /* PBXContainerItemProxy */;
		};
		9FBD93641E78C303009DEDAD /* PBXTargetDependency */ = {
			isa = PBXTargetDependency;
			target = 9FBD93421E78C303009DEDAD /* CalendarChallenge */;
			targetProxy = 9FBD93631E78C303009DEDAD /* PBXContainerItemProxy */;
		};
/* End PBXTargetDependency section */

/* Begin PBXVariantGroup section */
		9FBD934F1E78C303009DEDAD /* LaunchScreen.storyboard */ = {
			isa = PBXVariantGroup;
			children = (
				9FBD93501E78C303009DEDAD /* Base */,
			);
			name = LaunchScreen.storyboard;
			path = .;
			sourceTree = "<group>";
		};
		9FBD93A01E7B3ABC009DEDAD /* Main.storyboard */ = {
			isa = PBXVariantGroup;
			children = (
				9FBD93A11E7B3ABC009DEDAD /* Base */,
			);
			name = Main.storyboard;
			sourceTree = "<group>";
		};
/* End PBXVariantGroup section */

/* Begin XCBuildConfiguration section */
		9FBD93691E78C303009DEDAD /* Debug */ = {
			isa = XCBuildConfiguration;
			buildSettings = {
				ALWAYS_SEARCH_USER_PATHS = NO;
				CLANG_ANALYZER_NONNULL = YES;
				CLANG_CXX_LANGUAGE_STANDARD = "gnu++0x";
				CLANG_CXX_LIBRARY = "libc++";
				CLANG_ENABLE_MODULES = YES;
				CLANG_ENABLE_OBJC_ARC = YES;
				CLANG_WARN_BOOL_CONVERSION = YES;
				CLANG_WARN_CONSTANT_CONVERSION = YES;
				CLANG_WARN_DIRECT_OBJC_ISA_USAGE = YES_ERROR;
				CLANG_WARN_DOCUMENTATION_COMMENTS = YES;
				CLANG_WARN_EMPTY_BODY = YES;
				CLANG_WARN_ENUM_CONVERSION = YES;
				CLANG_WARN_INFINITE_RECURSION = YES;
				CLANG_WARN_INT_CONVERSION = YES;
				CLANG_WARN_OBJC_ROOT_CLASS = YES_ERROR;
				CLANG_WARN_SUSPICIOUS_MOVE = YES;
				CLANG_WARN_UNREACHABLE_CODE = YES;
				CLANG_WARN__DUPLICATE_METHOD_MATCH = YES;
				"CODE_SIGN_IDENTITY[sdk=iphoneos*]" = "iPhone Developer";
				COPY_PHASE_STRIP = NO;
				DEBUG_INFORMATION_FORMAT = dwarf;
				ENABLE_STRICT_OBJC_MSGSEND = YES;
				ENABLE_TESTABILITY = YES;
				GCC_C_LANGUAGE_STANDARD = gnu99;
				GCC_DYNAMIC_NO_PIC = NO;
				GCC_NO_COMMON_BLOCKS = YES;
				GCC_OPTIMIZATION_LEVEL = 0;
				GCC_PREPROCESSOR_DEFINITIONS = (
					"DEBUG=1",
					"$(inherited)",
				);
				GCC_WARN_64_TO_32_BIT_CONVERSION = YES;
				GCC_WARN_ABOUT_RETURN_TYPE = YES_ERROR;
				GCC_WARN_UNDECLARED_SELECTOR = YES;
				GCC_WARN_UNINITIALIZED_AUTOS = YES_AGGRESSIVE;
				GCC_WARN_UNUSED_FUNCTION = YES;
				GCC_WARN_UNUSED_VARIABLE = YES;
				IPHONEOS_DEPLOYMENT_TARGET = 10.2;
				MTL_ENABLE_DEBUG_INFO = YES;
				ONLY_ACTIVE_ARCH = YES;
				SDKROOT = iphoneos;
				SWIFT_ACTIVE_COMPILATION_CONDITIONS = DEBUG;
				SWIFT_OPTIMIZATION_LEVEL = "-Onone";
			};
			name = Debug;
		};
		9FBD936A1E78C303009DEDAD /* Release */ = {
			isa = XCBuildConfiguration;
			buildSettings = {
				ALWAYS_SEARCH_USER_PATHS = NO;
				CLANG_ANALYZER_NONNULL = YES;
				CLANG_CXX_LANGUAGE_STANDARD = "gnu++0x";
				CLANG_CXX_LIBRARY = "libc++";
				CLANG_ENABLE_MODULES = YES;
				CLANG_ENABLE_OBJC_ARC = YES;
				CLANG_WARN_BOOL_CONVERSION = YES;
				CLANG_WARN_CONSTANT_CONVERSION = YES;
				CLANG_WARN_DIRECT_OBJC_ISA_USAGE = YES_ERROR;
				CLANG_WARN_DOCUMENTATION_COMMENTS = YES;
				CLANG_WARN_EMPTY_BODY = YES;
				CLANG_WARN_ENUM_CONVERSION = YES;
				CLANG_WARN_INFINITE_RECURSION = YES;
				CLANG_WARN_INT_CONVERSION = YES;
				CLANG_WARN_OBJC_ROOT_CLASS = YES_ERROR;
				CLANG_WARN_SUSPICIOUS_MOVE = YES;
				CLANG_WARN_UNREACHABLE_CODE = YES;
				CLANG_WARN__DUPLICATE_METHOD_MATCH = YES;
				"CODE_SIGN_IDENTITY[sdk=iphoneos*]" = "iPhone Developer";
				COPY_PHASE_STRIP = NO;
				DEBUG_INFORMATION_FORMAT = "dwarf-with-dsym";
				ENABLE_NS_ASSERTIONS = NO;
				ENABLE_STRICT_OBJC_MSGSEND = YES;
				GCC_C_LANGUAGE_STANDARD = gnu99;
				GCC_NO_COMMON_BLOCKS = YES;
				GCC_WARN_64_TO_32_BIT_CONVERSION = YES;
				GCC_WARN_ABOUT_RETURN_TYPE = YES_ERROR;
				GCC_WARN_UNDECLARED_SELECTOR = YES;
				GCC_WARN_UNINITIALIZED_AUTOS = YES_AGGRESSIVE;
				GCC_WARN_UNUSED_FUNCTION = YES;
				GCC_WARN_UNUSED_VARIABLE = YES;
				IPHONEOS_DEPLOYMENT_TARGET = 10.2;
				MTL_ENABLE_DEBUG_INFO = NO;
				SDKROOT = iphoneos;
				SWIFT_OPTIMIZATION_LEVEL = "-Owholemodule";
				VALIDATE_PRODUCT = YES;
			};
			name = Release;
		};
		9FBD936C1E78C303009DEDAD /* Debug */ = {
			isa = XCBuildConfiguration;
			baseConfigurationReference = A9ED270D1C1766BB11A39535 /* Pods-CalendarChallenge.debug.xcconfig */;
			buildSettings = {
				ASSETCATALOG_COMPILER_APPICON_NAME = AppIcon;
				INFOPLIST_FILE = CalendarChallenge/Info.plist;
				LD_RUNPATH_SEARCH_PATHS = "$(inherited) @executable_path/Frameworks";
				PRODUCT_BUNDLE_IDENTIFIER = "jp.st-ventures.CalendarChallenge";
				PRODUCT_NAME = "$(TARGET_NAME)";
				SWIFT_VERSION = 3.0;
			};
			name = Debug;
		};
		9FBD936D1E78C303009DEDAD /* Release */ = {
			isa = XCBuildConfiguration;
			baseConfigurationReference = 69EB013FAE3827A160A1CF72 /* Pods-CalendarChallenge.release.xcconfig */;
			buildSettings = {
				ASSETCATALOG_COMPILER_APPICON_NAME = AppIcon;
				INFOPLIST_FILE = CalendarChallenge/Info.plist;
				LD_RUNPATH_SEARCH_PATHS = "$(inherited) @executable_path/Frameworks";
				PRODUCT_BUNDLE_IDENTIFIER = "jp.st-ventures.CalendarChallenge";
				PRODUCT_NAME = "$(TARGET_NAME)";
				SWIFT_VERSION = 3.0;
			};
			name = Release;
		};
		9FBD936F1E78C303009DEDAD /* Debug */ = {
			isa = XCBuildConfiguration;
			baseConfigurationReference = 80DEBA2A89EDFC1C612B2DE7 /* Pods-CalendarChallengeTests.debug.xcconfig */;
			buildSettings = {
				ALWAYS_EMBED_SWIFT_STANDARD_LIBRARIES = YES;
				BUNDLE_LOADER = "$(TEST_HOST)";
				INFOPLIST_FILE = CalendarChallengeTests/Info.plist;
				LD_RUNPATH_SEARCH_PATHS = "$(inherited) @executable_path/Frameworks @loader_path/Frameworks";
				PRODUCT_BUNDLE_IDENTIFIER = "jp.st-ventures.CalendarChallengeTests";
				PRODUCT_NAME = "$(TARGET_NAME)";
				SWIFT_VERSION = 3.0;
				TEST_HOST = "$(BUILT_PRODUCTS_DIR)/CalendarChallenge.app/CalendarChallenge";
			};
			name = Debug;
		};
		9FBD93701E78C303009DEDAD /* Release */ = {
			isa = XCBuildConfiguration;
			baseConfigurationReference = 4A26FB10D8474C5BA34CA30D /* Pods-CalendarChallengeTests.release.xcconfig */;
			buildSettings = {
				ALWAYS_EMBED_SWIFT_STANDARD_LIBRARIES = YES;
				BUNDLE_LOADER = "$(TEST_HOST)";
				INFOPLIST_FILE = CalendarChallengeTests/Info.plist;
				LD_RUNPATH_SEARCH_PATHS = "$(inherited) @executable_path/Frameworks @loader_path/Frameworks";
				PRODUCT_BUNDLE_IDENTIFIER = "jp.st-ventures.CalendarChallengeTests";
				PRODUCT_NAME = "$(TARGET_NAME)";
				SWIFT_VERSION = 3.0;
				TEST_HOST = "$(BUILT_PRODUCTS_DIR)/CalendarChallenge.app/CalendarChallenge";
			};
			name = Release;
		};
		9FBD93721E78C303009DEDAD /* Debug */ = {
			isa = XCBuildConfiguration;
			baseConfigurationReference = E82FC3D0C09D23CA6ED1AFB4 /* Pods-CalendarChallengeUITests.debug.xcconfig */;
			buildSettings = {
				ALWAYS_EMBED_SWIFT_STANDARD_LIBRARIES = YES;
				INFOPLIST_FILE = CalendarChallengeUITests/Info.plist;
				LD_RUNPATH_SEARCH_PATHS = "$(inherited) @executable_path/Frameworks @loader_path/Frameworks";
				PRODUCT_BUNDLE_IDENTIFIER = "jp.st-ventures.CalendarChallengeUITests";
				PRODUCT_NAME = "$(TARGET_NAME)";
				SWIFT_VERSION = 3.0;
				TEST_TARGET_NAME = CalendarChallenge;
			};
			name = Debug;
		};
		9FBD93731E78C303009DEDAD /* Release */ = {
			isa = XCBuildConfiguration;
			baseConfigurationReference = 7C3B7FAF6F0FDE5D70F62C28 /* Pods-CalendarChallengeUITests.release.xcconfig */;
			buildSettings = {
				ALWAYS_EMBED_SWIFT_STANDARD_LIBRARIES = YES;
				INFOPLIST_FILE = CalendarChallengeUITests/Info.plist;
				LD_RUNPATH_SEARCH_PATHS = "$(inherited) @executable_path/Frameworks @loader_path/Frameworks";
				PRODUCT_BUNDLE_IDENTIFIER = "jp.st-ventures.CalendarChallengeUITests";
				PRODUCT_NAME = "$(TARGET_NAME)";
				SWIFT_VERSION = 3.0;
				TEST_TARGET_NAME = CalendarChallenge;
			};
			name = Release;
		};
/* End XCBuildConfiguration section */

/* Begin XCConfigurationList section */
		9FBD933E1E78C303009DEDAD /* Build configuration list for PBXProject "CalendarChallenge" */ = {
			isa = XCConfigurationList;
			buildConfigurations = (
				9FBD93691E78C303009DEDAD /* Debug */,
				9FBD936A1E78C303009DEDAD /* Release */,
			);
			defaultConfigurationIsVisible = 0;
			defaultConfigurationName = Release;
		};
		9FBD936B1E78C303009DEDAD /* Build configuration list for PBXNativeTarget "CalendarChallenge" */ = {
			isa = XCConfigurationList;
			buildConfigurations = (
				9FBD936C1E78C303009DEDAD /* Debug */,
				9FBD936D1E78C303009DEDAD /* Release */,
			);
			defaultConfigurationIsVisible = 0;
			defaultConfigurationName = Release;
		};
		9FBD936E1E78C303009DEDAD /* Build configuration list for PBXNativeTarget "CalendarChallengeTests" */ = {
			isa = XCConfigurationList;
			buildConfigurations = (
				9FBD936F1E78C303009DEDAD /* Debug */,
				9FBD93701E78C303009DEDAD /* Release */,
			);
			defaultConfigurationIsVisible = 0;
			defaultConfigurationName = Release;
		};
		9FBD93711E78C303009DEDAD /* Build configuration list for PBXNativeTarget "CalendarChallengeUITests" */ = {
			isa = XCConfigurationList;
			buildConfigurations = (
				9FBD93721E78C303009DEDAD /* Debug */,
				9FBD93731E78C303009DEDAD /* Release */,
			);
			defaultConfigurationIsVisible = 0;
			defaultConfigurationName = Release;
		};
/* End XCConfigurationList section */
	};
	rootObject = 9FBD933B1E78C303009DEDAD /* Project object */;
}
